# This file is generated by running "yarn install" inside your project.
# Manual changes might be lost - proceed with caution!

__metadata:
  version: 5
  cacheKey: 8

"@types/prop-types@npm:*":
  version: 15.7.4
  resolution: "@types/prop-types@npm:15.7.4"
  checksum: ef6e1899e59b876c273811b1bd845022fc66d5a3d11cb38a25b6c566b30514ae38fe20a40f67622f362a4f4f7f9224e22d8da101cff3d6e97e11d7b4c307cfc1
  languageName: node
  linkType: hard

"@types/react-dom@npm:^17.0.11":
  version: 17.0.11
  resolution: "@types/react-dom@npm:17.0.11"
  dependencies:
    "@types/react": "*"
  checksum: 4d5730dffbef86c887cecad7e3cecda424ce6a64d0b5441c63b5b015d48219868660a2bb1aa15e897e565ad8867fa6b885d4358b04e1c4e589ba4c07c3fda55c
  languageName: node
  linkType: hard

"@types/react@npm:*, @types/react@npm:^17.0.38":
  version: 17.0.38
  resolution: "@types/react@npm:17.0.38"
  dependencies:
    "@types/prop-types": "*"
    "@types/scheduler": "*"
    csstype: ^3.0.2
  checksum: 4079f4f959cd4a4bfaeda8b89fe8a1b1f8bdc9d87acfdc5f74a0b39cec9ec6a470724357c62778c0f063180b360c250e920c5a142f1dbcda67d9cc25a6d43a85
  languageName: node
  linkType: hard

"@types/scheduler@npm:*":
  version: 0.16.2
  resolution: "@types/scheduler@npm:0.16.2"
  checksum: b6b4dcfeae6deba2e06a70941860fb1435730576d3689225a421280b7742318d1548b3d22c1f66ab68e414f346a9542f29240bc955b6332c5b11e561077583bc
  languageName: node
  linkType: hard

"@yarnpkg/esbuild-plugin-pnp@npm:^2.0.0":
  version: 2.0.0
  resolution: "@yarnpkg/esbuild-plugin-pnp@npm:2.0.0"
  dependencies:
    tslib: ^1.13.0
  peerDependencies:
    esbuild: ">=0.10.0"
  checksum: 7b98034f4c0931aa15e9cb2c77c5c485d89df3af31f1ea8223411f8880a2fbe88377d9f71ff45c04aecbcc8b2b47e167991a0f948dc2ec1f4a6ee026fea1fe9d
  languageName: node
  linkType: hard

"csstype@npm:^3.0.2":
  version: 3.0.10
  resolution: "csstype@npm:3.0.10"
  checksum: 20a8fa324f2b33ddf94aa7507d1b6ab3daa6f3cc308888dc50126585d7952f2471de69b2dbe0635d1fdc31223fef8e070842691877e725caf456e2378685a631
  languageName: node
  linkType: hard

"esbuild-android-arm64@npm:0.14.13":
  version: 0.14.13
  resolution: "esbuild-android-arm64@npm:0.14.13"
  conditions: os=android & cpu=arm64
  languageName: node
  linkType: hard

"esbuild-darwin-64@npm:0.14.13":
  version: 0.14.13
  resolution: "esbuild-darwin-64@npm:0.14.13"
  conditions: os=darwin & cpu=x64
  languageName: node
  linkType: hard

"esbuild-darwin-arm64@npm:0.14.13":
  version: 0.14.13
  resolution: "esbuild-darwin-arm64@npm:0.14.13"
  conditions: os=darwin & cpu=arm64
  languageName: node
  linkType: hard

"esbuild-freebsd-64@npm:0.14.13":
  version: 0.14.13
  resolution: "esbuild-freebsd-64@npm:0.14.13"
  conditions: os=freebsd & cpu=x64
  languageName: node
  linkType: hard

"esbuild-freebsd-arm64@npm:0.14.13":
  version: 0.14.13
  resolution: "esbuild-freebsd-arm64@npm:0.14.13"
  conditions: os=freebsd & cpu=arm64
  languageName: node
  linkType: hard

"esbuild-linux-32@npm:0.14.13":
  version: 0.14.13
  resolution: "esbuild-linux-32@npm:0.14.13"
  conditions: os=linux & cpu=ia32
  languageName: node
  linkType: hard

"esbuild-linux-64@npm:0.14.13":
  version: 0.14.13
  resolution: "esbuild-linux-64@npm:0.14.13"
  conditions: os=linux & cpu=x64
  languageName: node
  linkType: hard

"esbuild-linux-arm64@npm:0.14.13":
  version: 0.14.13
  resolution: "esbuild-linux-arm64@npm:0.14.13"
  conditions: os=linux & cpu=arm64
  languageName: node
  linkType: hard

"esbuild-linux-arm@npm:0.14.13":
  version: 0.14.13
  resolution: "esbuild-linux-arm@npm:0.14.13"
  conditions: os=linux & cpu=arm
  languageName: node
  linkType: hard

"esbuild-linux-mips64le@npm:0.14.13":
  version: 0.14.13
  resolution: "esbuild-linux-mips64le@npm:0.14.13"
  conditions: os=linux & cpu=mips64el
  languageName: node
  linkType: hard

"esbuild-linux-ppc64le@npm:0.14.13":
  version: 0.14.13
  resolution: "esbuild-linux-ppc64le@npm:0.14.13"
  conditions: os=linux & cpu=ppc64
  languageName: node
  linkType: hard

"esbuild-linux-s390x@npm:0.14.13":
  version: 0.14.13
  resolution: "esbuild-linux-s390x@npm:0.14.13"
  conditions: os=linux & cpu=s390x
  languageName: node
  linkType: hard

"esbuild-netbsd-64@npm:0.14.13":
  version: 0.14.13
  resolution: "esbuild-netbsd-64@npm:0.14.13"
  conditions: os=netbsd & cpu=x64
  languageName: node
  linkType: hard

"esbuild-node-externals@npm:^1.4.1":
  version: 1.4.1
  resolution: "esbuild-node-externals@npm:1.4.1"
  dependencies:
    find-up: 5.0.0
    tslib: 2.3.1
  peerDependencies:
    esbuild: 0.12 - 0.14
  checksum: 418a19ed4eaa69cfc877d6a91fcb9e4bffeda805d171225cca29536b57c6ed94d60653306aa95ba0914aa151f82772a01157e061781549b7ec09ee6576376ff9
  languageName: node
  linkType: hard

"esbuild-openbsd-64@npm:0.14.13":
  version: 0.14.13
  resolution: "esbuild-openbsd-64@npm:0.14.13"
  conditions: os=openbsd & cpu=x64
  languageName: node
  linkType: hard

"esbuild-sunos-64@npm:0.14.13":
  version: 0.14.13
  resolution: "esbuild-sunos-64@npm:0.14.13"
  conditions: os=sunos & cpu=x64
  languageName: node
  linkType: hard

"esbuild-windows-32@npm:0.14.13":
  version: 0.14.13
  resolution: "esbuild-windows-32@npm:0.14.13"
  conditions: os=win32 & cpu=ia32
  languageName: node
  linkType: hard

"esbuild-windows-64@npm:0.14.13":
  version: 0.14.13
  resolution: "esbuild-windows-64@npm:0.14.13"
  conditions: os=win32 & cpu=x64
  languageName: node
  linkType: hard

"esbuild-windows-arm64@npm:0.14.13":
  version: 0.14.13
  resolution: "esbuild-windows-arm64@npm:0.14.13"
  conditions: os=win32 & cpu=arm64
  languageName: node
  linkType: hard

"esbuild@npm:^0.14.13":
  version: 0.14.13
  resolution: "esbuild@npm:0.14.13"
  dependencies:
    esbuild-android-arm64: 0.14.13
    esbuild-darwin-64: 0.14.13
    esbuild-darwin-arm64: 0.14.13
    esbuild-freebsd-64: 0.14.13
    esbuild-freebsd-arm64: 0.14.13
    esbuild-linux-32: 0.14.13
    esbuild-linux-64: 0.14.13
    esbuild-linux-arm: 0.14.13
    esbuild-linux-arm64: 0.14.13
    esbuild-linux-mips64le: 0.14.13
    esbuild-linux-ppc64le: 0.14.13
    esbuild-linux-s390x: 0.14.13
    esbuild-netbsd-64: 0.14.13
    esbuild-openbsd-64: 0.14.13
    esbuild-sunos-64: 0.14.13
    esbuild-windows-32: 0.14.13
    esbuild-windows-64: 0.14.13
    esbuild-windows-arm64: 0.14.13
  dependenciesMeta:
    esbuild-android-arm64:
      optional: true
    esbuild-darwin-64:
      optional: true
    esbuild-darwin-arm64:
      optional: true
    esbuild-freebsd-64:
      optional: true
    esbuild-freebsd-arm64:
      optional: true
    esbuild-linux-32:
      optional: true
    esbuild-linux-64:
      optional: true
    esbuild-linux-arm:
      optional: true
    esbuild-linux-arm64:
      optional: true
    esbuild-linux-mips64le:
      optional: true
    esbuild-linux-ppc64le:
      optional: true
    esbuild-linux-s390x:
      optional: true
    esbuild-netbsd-64:
      optional: true
    esbuild-openbsd-64:
      optional: true
    esbuild-sunos-64:
      optional: true
    esbuild-windows-32:
      optional: true
    esbuild-windows-64:
      optional: true
    esbuild-windows-arm64:
      optional: true
  bin:
    esbuild: bin/esbuild
  checksum: c2cb12942ac6fa6b628249cb46deb1eeb6202c7dfc69e6d1de5c9cbb90527f865e288511dc4d980b16422cf83e6a250678c367fbd7578a06367fd73f7c552ce8
  languageName: node
  linkType: hard

"find-up@npm:5.0.0":
  version: 5.0.0
  resolution: "find-up@npm:5.0.0"
  dependencies:
    locate-path: ^6.0.0
    path-exists: ^4.0.0
  checksum: 07955e357348f34660bde7920783204ff5a26ac2cafcaa28bace494027158a97b9f56faaf2d89a6106211a8174db650dd9f503f9c0d526b1202d5554a00b9095
  languageName: node
  linkType: hard

"js-tokens@npm:^3.0.0 || ^4.0.0":
  version: 4.0.0
  resolution: "js-tokens@npm:4.0.0"
  checksum: 8a95213a5a77deb6cbe94d86340e8d9ace2b93bc367790b260101d2f36a2eaf4e4e22d9fa9cf459b38af3a32fb4190e638024cf82ec95ef708680e405ea7cc78
  languageName: node
  linkType: hard

"locate-path@npm:^6.0.0":
  version: 6.0.0
  resolution: "locate-path@npm:6.0.0"
  dependencies:
    p-locate: ^5.0.0
  checksum: 72eb661788a0368c099a184c59d2fee760b3831c9c1c33955e8a19ae4a21b4116e53fa736dc086cdeb9fce9f7cc508f2f92d2d3aae516f133e16a2bb59a39f5a
  languageName: node
  linkType: hard

"loose-envify@npm:^1.1.0":
  version: 1.4.0
  resolution: "loose-envify@npm:1.4.0"
  dependencies:
    js-tokens: ^3.0.0 || ^4.0.0
  bin:
    loose-envify: cli.js
  checksum: 6517e24e0cad87ec9888f500c5b5947032cdfe6ef65e1c1936a0c48a524b81e65542c9c3edc91c97d5bddc806ee2a985dbc79be89215d613b1de5db6d1cfe6f4
  languageName: node
  linkType: hard

"object-assign@npm:^4.1.1":
  version: 4.1.1
  resolution: "object-assign@npm:4.1.1"
  checksum: fcc6e4ea8c7fe48abfbb552578b1c53e0d194086e2e6bbbf59e0a536381a292f39943c6e9628af05b5528aa5e3318bb30d6b2e53cadaf5b8fe9e12c4b69af23f
  languageName: node
  linkType: hard

"p-limit@npm:^3.0.2":
  version: 3.1.0
  resolution: "p-limit@npm:3.1.0"
  dependencies:
    yocto-queue: ^0.1.0
  checksum: 7c3690c4dbf62ef625671e20b7bdf1cbc9534e83352a2780f165b0d3ceba21907e77ad63401708145ca4e25bfc51636588d89a8c0aeb715e6c37d1c066430360
  languageName: node
  linkType: hard

"p-locate@npm:^5.0.0":
  version: 5.0.0
  resolution: "p-locate@npm:5.0.0"
  dependencies:
    p-limit: ^3.0.2
  checksum: 1623088f36cf1cbca58e9b61c4e62bf0c60a07af5ae1ca99a720837356b5b6c5ba3eb1b2127e47a06865fee59dd0453cad7cc844cda9d5a62ac1a5a51b7c86d3
  languageName: node
  linkType: hard

"path-exists@npm:^4.0.0":
  version: 4.0.0
  resolution: "path-exists@npm:4.0.0"
  checksum: 505807199dfb7c50737b057dd8d351b82c033029ab94cb10a657609e00c1bc53b951cfdbccab8de04c5584d5eff31128ce6afd3db79281874a5ef2adbba55ed1
  languageName: node
  linkType: hard

"react-dom@npm:^17.0.2":
  version: 17.0.2
  resolution: "react-dom@npm:17.0.2"
  dependencies:
    loose-envify: ^1.1.0
    object-assign: ^4.1.1
    scheduler: ^0.20.2
  peerDependencies:
    react: 17.0.2
  checksum: 1c1eaa3bca7c7228d24b70932e3d7c99e70d1d04e13bb0843bbf321582bc25d7961d6b8a6978a58a598af2af496d1cedcfb1bf65f6b0960a0a8161cb8dab743c
  languageName: node
  linkType: hard

"react@npm:^17.0.2":
  version: 17.0.2
  resolution: "react@npm:17.0.2"
  dependencies:
    loose-envify: ^1.1.0
    object-assign: ^4.1.1
  checksum: b254cc17ce3011788330f7bbf383ab653c6848902d7936a87b09d835d091e3f295f7e9dd1597c6daac5dc80f90e778c8230218ba8ad599f74adcc11e33b9d61b
  languageName: node
  linkType: hard

"scheduler@npm:^0.20.2":
  version: 0.20.2
  resolution: "scheduler@npm:0.20.2"
  dependencies:
    loose-envify: ^1.1.0
    object-assign: ^4.1.1
  checksum: c4b35cf967c8f0d3e65753252d0f260271f81a81e427241295c5a7b783abf4ea9e905f22f815ab66676f5313be0a25f47be582254db8f9241b259213e999b8fc
  languageName: node
  linkType: hard

"test@workspace:.":
  version: 0.0.0-use.local
  resolution: "test@workspace:."
  dependencies:
    "@types/react": ^17.0.38
    "@types/react-dom": ^17.0.11
    "@yarnpkg/esbuild-plugin-pnp": ^2.0.0
    esbuild: ^0.14.13
    esbuild-node-externals: ^1.4.1
    react: ^17.0.2
    react-dom: ^17.0.2
    typescript: ^4.5.5
  languageName: unknown
  linkType: soft

"tslib@npm:2.3.1":
  version: 2.3.1
  resolution: "tslib@npm:2.3.1"
  checksum: de17a98d4614481f7fcb5cd53ffc1aaf8654313be0291e1bfaee4b4bb31a20494b7d218ff2e15017883e8ea9626599b3b0e0229c18383ba9dce89da2adf15cb9
  languageName: node
  linkType: hard

"tslib@npm:^1.13.0":
  version: 1.14.1
  resolution: "tslib@npm:1.14.1"
  checksum: dbe628ef87f66691d5d2959b3e41b9ca0045c3ee3c7c7b906cc1e328b39f199bb1ad9e671c39025bd56122ac57dfbf7385a94843b1cc07c60a4db74795829acd
  languageName: node
  linkType: hard

"typescript@npm:^4.5.5":
  version: 4.5.5
  resolution: "typescript@npm:4.5.5"
  bin:
    tsc: bin/tsc
    tsserver: bin/tsserver
  checksum: 506f4c919dc8aeaafa92068c997f1d213b9df4d9756d0fae1a1e7ab66b585ab3498050e236113a1c9e57ee08c21ec6814ca7a7f61378c058d79af50a4b1f5a5e
  languageName: node
  linkType: hard

"typescript@patch:typescript@^4.5.5#~builtin<compat/typescript>":
  version: 4.5.5
  resolution: "typescript@patch:typescript@npm%3A4.5.5#~builtin<compat/typescript>::version=4.5.5&hash=493e53"
  bin:
    tsc: bin/tsc
    tsserver: bin/tsserver
  checksum: c05c318d79c690f101d7ffb34cd6c7d6bbd884d3af9cefe7749ad0cd6be43c7082f098280982ca945dcba23fde34a08fed9602bb26540936baf8c0520727d3ba
  languageName: node
  linkType: hard

"yocto-queue@npm:^0.1.0":
  version: 0.1.0
  resolution: "yocto-queue@npm:0.1.0"
  checksum: f77b3d8d00310def622123df93d4ee654fc6a0096182af8bd60679ddcdfb3474c56c6c7190817c84a2785648cdee9d721c0154eb45698c62176c322fb46fc700
  languageName: node
  linkType: hard
